
Microsoft Visual Studio Solution File, Format Version 12.00
# Visual Studio Version 16
VisualStudioVersion = 16.0.31911.196
MinimumVisualStudioVersion = 10.0.40219.1
Project("{FAE04EC0-301F-11D3-BF4B-00C04F79EFBC}") = "WpfEx4", "WpfEx4\WpfEx4.csproj", "{7BF05B55-AECB-4212-A64D-BDA5781216EE}"
EndProject
Global
	GlobalSection(SolutionConfigurationPlatforms) = preSolution
		Debug|Any CPU = Debug|Any CPU
		Release|Any CPU = Release|Any CPU
	EndGlobalSection
	GlobalSection(ProjectConfigurationPlatforms) = postSolution
		{7BF05B55-AECB-4212-A64D-BDA5781216EE}.Debug|Any CPU.ActiveCfg = Debug|Any CPU
		{7BF05B55-AECB-4212-A64D-BDA5781216EE}.Debug|Any CPU.Build.0 = Debug|Any CPU
		{7BF05B55-AECB-4212-A64D-BDA5781216EE}.Release|Any CPU.ActiveCfg = Release|Any CPU
		{7BF05B55-AECB-4212-A64D-BDA5781216EE}.Release|Any CPU.Build.0 = Release|Any CPU
	EndGlobalSection
	GlobalSection(SolutionProperties) = preSolution
		HideSolutionNode = FALSE
	EndGlobalSection
	GlobalSection(ExtensibilityGlobals) = postSolution
		SolutionGuid = {E873A48E-BD74-4A7D-984C-8285C579852D}
	EndGlobalSection
EndGlobal
